
Microsoft Visual Studio Solution File, Format Version 12.00
# Visual Studio 15
VisualStudioVersion = 15.0.28307.1259
MinimumVisualStudioVersion = 10.0.40219.1
Project("{FAE04EC0-301F-11D3-BF4B-00C04F79EFBC}") = "Animal-improved", "Animal-improved\Animal-improved.csproj", "{187050FD-BBEB-47D9-9BDD-B66E35D84E2B}"
EndProject
Global
	GlobalSection(SolutionConfigurationPlatforms) = preSolution
		Debug|Any CPU = Debug|Any CPU
		Release|Any CPU = Release|Any CPU
	EndGlobalSection
	GlobalSection(ProjectConfigurationPlatforms) = postSolution
		{187050FD-BBEB-47D9-9BDD-B66E35D84E2B}.Debug|Any CPU.ActiveCfg = Debug|Any CPU
		{187050FD-BBEB-47D9-9BDD-B66E35D84E2B}.Debug|Any CPU.Build.0 = Debug|Any CPU
		{187050FD-BBEB-47D9-9BDD-B66E35D84E2B}.Release|Any CPU.ActiveCfg = Release|Any CPU
		{187050FD-BBEB-47D9-9BDD-B66E35D84E2B}.Release|Any CPU.Build.0 = Release|Any CPU
	EndGlobalSection
	GlobalSection(SolutionProperties) = preSolution
		HideSolutionNode = FALSE
	EndGlobalSection
	GlobalSection(ExtensibilityGlobals) = postSolution
		SolutionGuid = {7394E459-78C2-4DED-9903-6EC6BF8F4251}
	EndGlobalSection
EndGlobal
