
Microsoft Visual Studio Solution File, Format Version 12.00
# Visual Studio 15
VisualStudioVersion = 15.0.28307.1259
MinimumVisualStudioVersion = 10.0.40219.1
Project("{FAE04EC0-301F-11D3-BF4B-00C04F79EFBC}") = "HelloWord-forms", "HelloWord-forms\HelloWord-forms.csproj", "{77A5836C-50DA-41E9-86AE-0EFC16DC8850}"
EndProject
Global
	GlobalSection(SolutionConfigurationPlatforms) = preSolution
		Debug|Any CPU = Debug|Any CPU
		Release|Any CPU = Release|Any CPU
	EndGlobalSection
	GlobalSection(ProjectConfigurationPlatforms) = postSolution
		{77A5836C-50DA-41E9-86AE-0EFC16DC8850}.Debug|Any CPU.ActiveCfg = Debug|Any CPU
		{77A5836C-50DA-41E9-86AE-0EFC16DC8850}.Debug|Any CPU.Build.0 = Debug|Any CPU
		{77A5836C-50DA-41E9-86AE-0EFC16DC8850}.Release|Any CPU.ActiveCfg = Release|Any CPU
		{77A5836C-50DA-41E9-86AE-0EFC16DC8850}.Release|Any CPU.Build.0 = Release|Any CPU
	EndGlobalSection
	GlobalSection(SolutionProperties) = preSolution
		HideSolutionNode = FALSE
	EndGlobalSection
	GlobalSection(ExtensibilityGlobals) = postSolution
		SolutionGuid = {291270DB-A936-4EB0-9C13-60286AA2257A}
	EndGlobalSection
EndGlobal
